
Microsoft Visual Studio Solution File, Format Version 12.00
# Visual Studio Version 17
VisualStudioVersion = 17.2.32602.215
MinimumVisualStudioVersion = 10.0.40219.1
Project("{8BC9CEB8-8B4A-11D0-8D11-00A0C91BC942}") = "LayeredPGM", "LayeredPGM.vcxproj", "{578129F4-984C-42CE-92F3-50FF2687AAD0}"
EndProject
Global
	GlobalSection(SolutionConfigurationPlatforms) = preSolution
		Debug|x64 = Debug|x64
		Debug|x86 = Debug|x86
		Release|x64 = Release|x64
		Release|x86 = Release|x86
	EndGlobalSection
	GlobalSection(ProjectConfigurationPlatforms) = postSolution
		{578129F4-984C-42CE-92F3-50FF2687AAD0}.Debug|x64.ActiveCfg = Debug|x64
		{578129F4-984C-42CE-92F3-50FF2687AAD0}.Debug|x64.Build.0 = Debug|x64
		{578129F4-984C-42CE-92F3-50FF2687AAD0}.Debug|x86.ActiveCfg = Debug|Win32
		{578129F4-984C-42CE-92F3-50FF2687AAD0}.Debug|x86.Build.0 = Debug|Win32
		{578129F4-984C-42CE-92F3-50FF2687AAD0}.Release|x64.ActiveCfg = Release|x64
		{578129F4-984C-42CE-92F3-50FF2687AAD0}.Release|x64.Build.0 = Release|x64
		{578129F4-984C-42CE-92F3-50FF2687AAD0}.Release|x86.ActiveCfg = Release|Win32
		{578129F4-984C-42CE-92F3-50FF2687AAD0}.Release|x86.Build.0 = Release|Win32
	EndGlobalSection
	GlobalSection(SolutionProperties) = preSolution
		HideSolutionNode = FALSE
	EndGlobalSection
	GlobalSection(ExtensibilityGlobals) = postSolution
		SolutionGuid = {4806B8F2-05D1-422B-AE53-D28F5D163A36}
	EndGlobalSection
EndGlobal
